
Microsoft Visual Studio Solution File, Format Version 12.00
# Visual Studio Version 17
VisualStudioVersion = 17.10.35122.118
MinimumVisualStudioVersion = 10.0.40219.1
Project("{FAE04EC0-301F-11D3-BF4B-00C04F79EFBC}") = "ConsoleApp13", "ConsoleApp13.csproj", "{B4A688A9-656F-44ED-A561-D5A898E98F5B}"
EndProject
Global
	GlobalSection(SolutionConfigurationPlatforms) = preSolution
		Debug|Any CPU = Debug|Any CPU
		Release|Any CPU = Release|Any CPU
	EndGlobalSection
	GlobalSection(ProjectConfigurationPlatforms) = postSolution
		{B4A688A9-656F-44ED-A561-D5A898E98F5B}.Debug|Any CPU.ActiveCfg = Debug|Any CPU
		{B4A688A9-656F-44ED-A561-D5A898E98F5B}.Debug|Any CPU.Build.0 = Debug|Any CPU
		{B4A688A9-656F-44ED-A561-D5A898E98F5B}.Release|Any CPU.ActiveCfg = Release|Any CPU
		{B4A688A9-656F-44ED-A561-D5A898E98F5B}.Release|Any CPU.Build.0 = Release|Any CPU
	EndGlobalSection
	GlobalSection(SolutionProperties) = preSolution
		HideSolutionNode = FALSE
	EndGlobalSection
	GlobalSection(ExtensibilityGlobals) = postSolution
		SolutionGuid = {4FBC7CAE-93F8-42D0-ADD7-FCF7A0B177D7}
	EndGlobalSection
EndGlobal
